
Microsoft Visual Studio Solution File, Format Version 12.00
# Visual Studio 15
Project("{FAE04EC0-301F-11D3-BF4B-00C04F79EFBC}") = "Assembly-CSharp", "Assembly-CSharp.csproj", "{9E6CA5B1-1197-4D98-3154-606FF1FF0086}"
EndProject
Global
	GlobalSection(SolutionConfigurationPlatforms) = preSolution
		Debug|Any CPU = Debug|Any CPU
		Release|Any CPU = Release|Any CPU
	EndGlobalSection
	GlobalSection(ProjectConfigurationPlatforms) = postSolution
		{9E6CA5B1-1197-4D98-3154-606FF1FF0086}.Debug|Any CPU.ActiveCfg = Debug|Any CPU
		{9E6CA5B1-1197-4D98-3154-606FF1FF0086}.Debug|Any CPU.Build.0 = Debug|Any CPU
		{9E6CA5B1-1197-4D98-3154-606FF1FF0086}.Release|Any CPU.ActiveCfg = Release|Any CPU
		{9E6CA5B1-1197-4D98-3154-606FF1FF0086}.Release|Any CPU.Build.0 = Release|Any CPU
	EndGlobalSection
	GlobalSection(SolutionProperties) = preSolution
		HideSolutionNode = FALSE
	EndGlobalSection
EndGlobal
